
Microsoft Visual Studio Solution File, Format Version 12.00
# Visual Studio Version 17
VisualStudioVersion = 17.9.34728.123
MinimumVisualStudioVersion = 10.0.40219.1
Project("{FAE04EC0-301F-11D3-BF4B-00C04F79EFBC}") = "OpenAPI.Identity", "OpenAPI.Identity\OpenAPI.Identity.csproj", "{B83DB43F-70E7-4244-97BC-FF700531716F}"
EndProject
Global
	GlobalSection(SolutionConfigurationPlatforms) = preSolution
		Debug|Any CPU = Debug|Any CPU
		Release|Any CPU = Release|Any CPU
	EndGlobalSection
	GlobalSection(ProjectConfigurationPlatforms) = postSolution
		{B83DB43F-70E7-4244-97BC-FF700531716F}.Debug|Any CPU.ActiveCfg = Debug|Any CPU
		{B83DB43F-70E7-4244-97BC-FF700531716F}.Debug|Any CPU.Build.0 = Debug|Any CPU
		{B83DB43F-70E7-4244-97BC-FF700531716F}.Release|Any CPU.ActiveCfg = Release|Any CPU
		{B83DB43F-70E7-4244-97BC-FF700531716F}.Release|Any CPU.Build.0 = Release|Any CPU
	EndGlobalSection
	GlobalSection(SolutionProperties) = preSolution
		HideSolutionNode = FALSE
	EndGlobalSection
	GlobalSection(ExtensibilityGlobals) = postSolution
		SolutionGuid = {9502C7BA-C557-4959-8914-9690A1FC8E90}
	EndGlobalSection
EndGlobal
